NeoBundleLock Lucius 7ed02d3e4a8f2cfeda03ac67cf6879098cbc068a
NeoBundleLock YouCompleteMe c881441385ea95d6ac8051593406c1c78d373329
NeoBundleLock agda-vim 5c698a0dcc4881ea8fbe672e60aaca70d4c8b6f4
NeoBundleLock badwolf 834fbe93d1648894124fea1b281c2649c3df587d
NeoBundleLock ctrlp.vim 564176f01d7f3f7f8ab452ff4e1f5314de7b0981
NeoBundleLock elm-vim 0c1fbfdf12f165681b8134ed2cae2c148105ac40
NeoBundleLock gundo.vim b4f3624d01ffdfd7bdcd2e19128fffe768fe6262
NeoBundleLock idris-vim c9b8066730fd8e62cf20eecf0e2c60f225ff12c8
NeoBundleLock neocomplcache 778181767467b8f8016828898779a646074d883a
NeoBundleLock nerdtree 281701021c5001332a862da80175bf585d24e2e8
NeoBundleLock nofrils bfd5ba73c44dc07d621a22c0f39c9bc4279ae3f4
NeoBundleLock purescript-vim 2c55bcefd63bc40ed2aa9d6ce9d89a590dfa3477
NeoBundleLock rust.vim 732b5fcb3652f81726d5f0f5b97c9027c01f057a
NeoBundleLock sparkup d400a570bf64b0c216aa7c8e1795820b911a7404
NeoBundleLock supertab cdaa5c27c5a7f8b08a43d0b2e65929512299e33a
NeoBundleLock tabular 00e1e7fcdbc6d753e0bc8043e0d2546fa81bf367
NeoBundleLock tagbar 68eebbb50ce591bce3f5b4a8238d824e6a9f0b3a
NeoBundleLock tern_for_vim d81658d3c2d4b018b1364ed9c3cd740be2348a40
NeoBundleLock tlib_vim 8c74564396e368788a5cb901b0e8017a3166cee9
NeoBundleLock vim-addon-mw-utils 0c5612fa31ee434ba055e21c76f456244b3b5109
NeoBundleLock vim-airline 8a01eff1c2549fd9cac6195086e475e00d334e3f
NeoBundleLock vim-airline-themes 6026eb78bf362cb3aa875aff8487f65728d0f7d8
NeoBundleLock vim-colors-solarized 528a59f26d12278698bb946f8fb82a63711eec21
NeoBundleLock vim-commentary 73e0d9a9d1f51b6cc9dc965f62669194ae851cb1
NeoBundleLock vim-copy-as-rtf ce52bbaefb81ad90fdb7ee4ef12bda5731ff3378
NeoBundleLock vim-extradite 52326f6d333cdbb9e9c6d6772af87f4f39c00526
NeoBundleLock vim-fugitive 245ce889e2a6eb318cec865cf787e7bb0cb8aa95
NeoBundleLock vim-hoogle 9f00214ece60b9514ef2911fb62e7d53c52d3b4c
NeoBundleLock vim-indent-guides 018298ead9d3aa9cd3b4ae222f81022a33978b09
NeoBundleLock vim-javascript 742f55bf12f0904267ca9245fdd0891a188c65fc
NeoBundleLock vim-jsx eb656ed96435ccf985668ebd7bb6ceb34b736213
NeoBundleLock vim-one d513658d6d95d51e79dc409020e6b4617ffe47ad
NeoBundleLock vim-react-snippets 8ba184ca8df13f978f5684b478cf9246949f27ae
NeoBundleLock vim-reason-loader 4cae627e3e10fe3b131d7eb32e8e9519014c8f13
NeoBundleLock vim-repeat 7a6675f092842c8f81e71d5345bd7cdbf3759415
NeoBundleLock vim-snipmate 2d70860ba49afc83cb5902acb99174e3cf08538d
NeoBundleLock vim-solidity 4a81c61309c3a5bdf5621a3f78622d2b6d85f6fd
NeoBundleLock vim-surround e49d6c2459e0f5569ff2d533b4df995dd7f98313
NeoBundleLock vim-unimpaired 11dc568dbfd7a56866a4354c737515769f08e9fe
NeoBundleLock vimproc 25cb83f24edec4aec1e9f1329302235e7a7a7fe0
